
Microsoft Visual Studio Solution File, Format Version 12.00
# Visual Studio Version 17
VisualStudioVersion = 17.5.33516.290
MinimumVisualStudioVersion = 10.0.40219.1
Project("{FAE04EC0-301F-11D3-BF4B-00C04F79EFBC}") = "SeftHosting", "SeftHosting\SeftHosting.csproj", "{72E9EC9D-4991-44E2-A496-1A50A4B440C3}"
EndProject
Global
	GlobalSection(SolutionConfigurationPlatforms) = preSolution
		Debug|Any CPU = Debug|Any CPU
		Release|Any CPU = Release|Any CPU
	EndGlobalSection
	GlobalSection(ProjectConfigurationPlatforms) = postSolution
		{72E9EC9D-4991-44E2-A496-1A50A4B440C3}.Debug|Any CPU.ActiveCfg = Debug|Any CPU
		{72E9EC9D-4991-44E2-A496-1A50A4B440C3}.Debug|Any CPU.Build.0 = Debug|Any CPU
		{72E9EC9D-4991-44E2-A496-1A50A4B440C3}.Release|Any CPU.ActiveCfg = Release|Any CPU
		{72E9EC9D-4991-44E2-A496-1A50A4B440C3}.Release|Any CPU.Build.0 = Release|Any CPU
	EndGlobalSection
	GlobalSection(SolutionProperties) = preSolution
		HideSolutionNode = FALSE
	EndGlobalSection
	GlobalSection(ExtensibilityGlobals) = postSolution
		SolutionGuid = {DD7BF56B-98B0-4352-AF07-A16217B8498D}
	EndGlobalSection
EndGlobal
